
Microsoft Visual Studio Solution File, Format Version 12.00
# Visual Studio Version 17
VisualStudioVersion = 17.11.34929.205
MinimumVisualStudioVersion = 10.0.40219.1
Project("{9A19103F-16F7-4668-BE54-9A1E7A4F7556}") = "Loader", "Loader\Loader.csproj", "{498CB4B0-8633-48F2-BBCD-4CFEAE30E213}"
EndProject
Project("{9A19103F-16F7-4668-BE54-9A1E7A4F7556}") = "SeaDrop", "..\SeaDrop\SeaDrop.csproj", "{2392364A-4124-495F-8595-E3773B45CABF}"
EndProject
Project("{9A19103F-16F7-4668-BE54-9A1E7A4F7556}") = "TJAPlayerV", "TJAPV\TJAPlayerV.csproj", "{180F9962-A7AE-4F97-BD6B-6170243ED76F}"
EndProject
Global
	GlobalSection(SolutionConfigurationPlatforms) = preSolution
		Debug|Any CPU = Debug|Any CPU
		Release|Any CPU = Release|Any CPU
	EndGlobalSection
	GlobalSection(ProjectConfigurationPlatforms) = postSolution
		{498CB4B0-8633-48F2-BBCD-4CFEAE30E213}.Debug|Any CPU.ActiveCfg = Debug|Any CPU
		{498CB4B0-8633-48F2-BBCD-4CFEAE30E213}.Debug|Any CPU.Build.0 = Debug|Any CPU
		{498CB4B0-8633-48F2-BBCD-4CFEAE30E213}.Release|Any CPU.ActiveCfg = Release|Any CPU
		{498CB4B0-8633-48F2-BBCD-4CFEAE30E213}.Release|Any CPU.Build.0 = Release|Any CPU
		{2392364A-4124-495F-8595-E3773B45CABF}.Debug|Any CPU.ActiveCfg = Debug|Any CPU
		{2392364A-4124-495F-8595-E3773B45CABF}.Debug|Any CPU.Build.0 = Debug|Any CPU
		{2392364A-4124-495F-8595-E3773B45CABF}.Release|Any CPU.ActiveCfg = Release|Any CPU
		{2392364A-4124-495F-8595-E3773B45CABF}.Release|Any CPU.Build.0 = Release|Any CPU
		{180F9962-A7AE-4F97-BD6B-6170243ED76F}.Debug|Any CPU.ActiveCfg = Debug|Any CPU
		{180F9962-A7AE-4F97-BD6B-6170243ED76F}.Debug|Any CPU.Build.0 = Debug|Any CPU
		{180F9962-A7AE-4F97-BD6B-6170243ED76F}.Release|Any CPU.ActiveCfg = Release|Any CPU
		{180F9962-A7AE-4F97-BD6B-6170243ED76F}.Release|Any CPU.Build.0 = Release|Any CPU
	EndGlobalSection
	GlobalSection(SolutionProperties) = preSolution
		HideSolutionNode = FALSE
	EndGlobalSection
	GlobalSection(ExtensibilityGlobals) = postSolution
		SolutionGuid = {28034411-541F-49DF-8A02-6A1840E1CC58}
	EndGlobalSection
EndGlobal
